
Microsoft Visual Studio Solution File, Format Version 12.00
# Visual Studio Version 16
VisualStudioVersion = 16.0.31624.102
MinimumVisualStudioVersion = 10.0.40219.1
Project("{8BC9CEB8-8B4A-11D0-8D11-00A0C91BC942}") = "Test", "Test\Test.vcxproj", "{E73535A0-13B2-43DA-9C01-511BD7EA6AF9}"
EndProject
Project("{8BC9CEB8-8B4A-11D0-8D11-00A0C91BC942}") = "jsonTest", "jsonTest\jsonTest.vcxproj", "{239A7B0A-A9A5-4AF6-8CAE-023519FD584F}"
EndProject
Project("{8BC9CEB8-8B4A-11D0-8D11-00A0C91BC942}") = "jsonDbIpInfoTest", "jsonDbIpInfoTest\jsonDbIpInfoTest.vcxproj", "{284D23F9-3778-45D5-9DB0-983ABDCF9E78}"
EndProject
Project("{8BC9CEB8-8B4A-11D0-8D11-00A0C91BC942}") = "StaticLibTest", "StaticLibTest\StaticLibTest.vcxproj", "{64F5F1E3-CAC7-4F53-A3BE-5CCA318DBD82}"
EndProject
Project("{8BC9CEB8-8B4A-11D0-8D11-00A0C91BC942}") = "DllTest", "DllTest\DllTest.vcxproj", "{3D14676B-5E2E-45BA-854E-0A54487951D6}"
EndProject
Project("{8BC9CEB8-8B4A-11D0-8D11-00A0C91BC942}") = "StaticLib_222", "StaticLib_222\StaticLib_222.vcxproj", "{47D463DE-4691-4EF0-894C-6AB47E433BEB}"
EndProject
Project("{8BC9CEB8-8B4A-11D0-8D11-00A0C91BC942}") = "Dll_222", "Dll_222\Dll_222.vcxproj", "{82497F6F-D32B-4A63-B5FE-0784F81B5D3F}"
EndProject
Project("{8BC9CEB8-8B4A-11D0-8D11-00A0C91BC942}") = "DbControlTest", "DbControlTest\DbControlTest.vcxproj", "{90951228-712A-40F4-8EFA-DBE9FDF61567}"
EndProject
Project("{8BC9CEB8-8B4A-11D0-8D11-00A0C91BC942}") = "IpMngTest", "IpMngTest\IpMngTest.vcxproj", "{81B98F34-1C35-4967-B5A7-D156253F3876}"
EndProject
Project("{8BC9CEB8-8B4A-11D0-8D11-00A0C91BC942}") = "testmgmmod", "testmgmmod\testmgmmod.vcxproj", "{C85E0123-703F-4C5A-8B48-FB24D6F7FB2F}"
EndProject
Project("{8BC9CEB8-8B4A-11D0-8D11-00A0C91BC942}") = "stringTest", "stringTest\stringTest.vcxproj", "{5F5B1D61-477B-4523-86A9-BB06012EA3F8}"
EndProject
Project("{8BC9CEB8-8B4A-11D0-8D11-00A0C91BC942}") = "logTest", "logTest\logTest.vcxproj", "{0B7DC1A9-CA52-4966-920A-7FDA6E0D534C}"
EndProject
Project("{8BC9CEB8-8B4A-11D0-8D11-00A0C91BC942}") = "netTest", "netTest\netTest.vcxproj", "{91A04139-EB75-42F4-98A0-51DE7E15A8BC}"
EndProject
Project("{8BC9CEB8-8B4A-11D0-8D11-00A0C91BC942}") = "crashTest", "crashTest\crashTest.vcxproj", "{C31D389B-7383-4113-B7BF-D8F5D4BE836A}"
EndProject
Project("{8BC9CEB8-8B4A-11D0-8D11-00A0C91BC942}") = "normalTest", "normalTest\normalTest.vcxproj", "{6FEC6473-DEC3-4A6B-B9C8-EACCC921D636}"
EndProject
Project("{8BC9CEB8-8B4A-11D0-8D11-00A0C91BC942}") = "baseTest", "baseTest\baseTest.vcxproj", "{AECA7ECF-9E60-4C18-BF61-425C3DBA9B61}"
EndProject
Project("{8BC9CEB8-8B4A-11D0-8D11-00A0C91BC942}") = "snmpTest", "snmpTest\snmpTest.vcxproj", "{A4FE2E67-A75F-4C0B-BF13-D86E0C8C1693}"
EndProject
Project("{8BC9CEB8-8B4A-11D0-8D11-00A0C91BC942}") = "data", "data\data.vcxproj", "{65F418E6-A9C3-45BA-AA27-3620F2DAA97A}"
EndProject
Project("{8BC9CEB8-8B4A-11D0-8D11-00A0C91BC942}") = "winTest", "winTest\winTest.vcxproj", "{6B519F64-3AAC-418F-BC0A-23919327AA3A}"
EndProject
Project("{8BC9CEB8-8B4A-11D0-8D11-00A0C91BC942}") = "stlTest", "stlTest\stlTest.vcxproj", "{7FC4ED88-F58F-4697-A1B4-5D8285601FFA}"
EndProject
Project("{8BC9CEB8-8B4A-11D0-8D11-00A0C91BC942}") = "testTool", "testTool\testTool.vcxproj", "{568775D4-A13C-4464-8041-00470748F520}"
EndProject
Project("{8BC9CEB8-8B4A-11D0-8D11-00A0C91BC942}") = "curlTest", "curlTest\curlTest.vcxproj", "{63F7A343-554A-4B1A-8B9D-5AFB2B115B8D}"
EndProject
Project("{8BC9CEB8-8B4A-11D0-8D11-00A0C91BC942}") = "xmltest", "xmltest\xmltest.vcxproj", "{94BDBA0D-8F79-43BA-90E3-B047A3964DC3}"
EndProject
Global
	GlobalSection(SolutionConfigurationPlatforms) = preSolution
		Debug|Win32 = Debug|Win32
		Debug|x64 = Debug|x64
		Debug|x86 = Debug|x86
		Release|Win32 = Release|Win32
		Release|x64 = Release|x64
		Release|x86 = Release|x86
	EndGlobalSection
	GlobalSection(ProjectConfigurationPlatforms) = postSolution
		{E73535A0-13B2-43DA-9C01-511BD7EA6AF9}.Debug|Win32.ActiveCfg = Debug|Win32
		{E73535A0-13B2-43DA-9C01-511BD7EA6AF9}.Debug|Win32.Build.0 = Debug|Win32
		{E73535A0-13B2-43DA-9C01-511BD7EA6AF9}.Debug|x64.ActiveCfg = Debug|x64
		{E73535A0-13B2-43DA-9C01-511BD7EA6AF9}.Debug|x64.Build.0 = Debug|x64
		{E73535A0-13B2-43DA-9C01-511BD7EA6AF9}.Debug|x86.ActiveCfg = Debug|Win32
		{E73535A0-13B2-43DA-9C01-511BD7EA6AF9}.Debug|x86.Build.0 = Debug|Win32
		{E73535A0-13B2-43DA-9C01-511BD7EA6AF9}.Release|Win32.ActiveCfg = Release|Win32
		{E73535A0-13B2-43DA-9C01-511BD7EA6AF9}.Release|Win32.Build.0 = Release|Win32
		{E73535A0-13B2-43DA-9C01-511BD7EA6AF9}.Release|x64.ActiveCfg = Release|x64
		{E73535A0-13B2-43DA-9C01-511BD7EA6AF9}.Release|x64.Build.0 = Release|x64
		{E73535A0-13B2-43DA-9C01-511BD7EA6AF9}.Release|x86.ActiveCfg = Release|Win32
		{E73535A0-13B2-43DA-9C01-511BD7EA6AF9}.Release|x86.Build.0 = Release|Win32
		{239A7B0A-A9A5-4AF6-8CAE-023519FD584F}.Debug|Win32.ActiveCfg = Debug|Win32
		{239A7B0A-A9A5-4AF6-8CAE-023519FD584F}.Debug|Win32.Build.0 = Debug|Win32
		{239A7B0A-A9A5-4AF6-8CAE-023519FD584F}.Debug|x64.ActiveCfg = Debug|x64
		{239A7B0A-A9A5-4AF6-8CAE-023519FD584F}.Debug|x64.Build.0 = Debug|x64
		{239A7B0A-A9A5-4AF6-8CAE-023519FD584F}.Debug|x86.ActiveCfg = Debug|Win32
		{239A7B0A-A9A5-4AF6-8CAE-023519FD584F}.Debug|x86.Build.0 = Debug|Win32
		{239A7B0A-A9A5-4AF6-8CAE-023519FD584F}.Release|Win32.ActiveCfg = Release|Win32
		{239A7B0A-A9A5-4AF6-8CAE-023519FD584F}.Release|Win32.Build.0 = Release|Win32
		{239A7B0A-A9A5-4AF6-8CAE-023519FD584F}.Release|x64.ActiveCfg = Release|x64
		{239A7B0A-A9A5-4AF6-8CAE-023519FD584F}.Release|x64.Build.0 = Release|x64
		{239A7B0A-A9A5-4AF6-8CAE-023519FD584F}.Release|x86.ActiveCfg = Release|Win32
		{239A7B0A-A9A5-4AF6-8CAE-023519FD584F}.Release|x86.Build.0 = Release|Win32
		{284D23F9-3778-45D5-9DB0-983ABDCF9E78}.Debug|Win32.ActiveCfg = Debug|Win32
		{284D23F9-3778-45D5-9DB0-983ABDCF9E78}.Debug|Win32.Build.0 = Debug|Win32
		{284D23F9-3778-45D5-9DB0-983ABDCF9E78}.Debug|x64.ActiveCfg = Debug|x64
		{284D23F9-3778-45D5-9DB0-983ABDCF9E78}.Debug|x64.Build.0 = Debug|x64
		{284D23F9-3778-45D5-9DB0-983ABDCF9E78}.Debug|x86.ActiveCfg = Debug|Win32
		{284D23F9-3778-45D5-9DB0-983ABDCF9E78}.Debug|x86.Build.0 = Debug|Win32
		{284D23F9-3778-45D5-9DB0-983ABDCF9E78}.Release|Win32.ActiveCfg = Release|Win32
		{284D23F9-3778-45D5-9DB0-983ABDCF9E78}.Release|Win32.Build.0 = Release|Win32
		{284D23F9-3778-45D5-9DB0-983ABDCF9E78}.Release|x64.ActiveCfg = Release|x64
		{284D23F9-3778-45D5-9DB0-983ABDCF9E78}.Release|x64.Build.0 = Release|x64
		{284D23F9-3778-45D5-9DB0-983ABDCF9E78}.Release|x86.ActiveCfg = Release|Win32
		{284D23F9-3778-45D5-9DB0-983ABDCF9E78}.Release|x86.Build.0 = Release|Win32
		{64F5F1E3-CAC7-4F53-A3BE-5CCA318DBD82}.Debug|Win32.ActiveCfg = Debug|Win32
		{64F5F1E3-CAC7-4F53-A3BE-5CCA318DBD82}.Debug|Win32.Build.0 = Debug|Win32
		{64F5F1E3-CAC7-4F53-A3BE-5CCA318DBD82}.Debug|x64.ActiveCfg = Debug|x64
		{64F5F1E3-CAC7-4F53-A3BE-5CCA318DBD82}.Debug|x64.Build.0 = Debug|x64
		{64F5F1E3-CAC7-4F53-A3BE-5CCA318DBD82}.Debug|x86.ActiveCfg = Debug|Win32
		{64F5F1E3-CAC7-4F53-A3BE-5CCA318DBD82}.Debug|x86.Build.0 = Debug|Win32
		{64F5F1E3-CAC7-4F53-A3BE-5CCA318DBD82}.Release|Win32.ActiveCfg = Release|Win32
		{64F5F1E3-CAC7-4F53-A3BE-5CCA318DBD82}.Release|Win32.Build.0 = Release|Win32
		{64F5F1E3-CAC7-4F53-A3BE-5CCA318DBD82}.Release|x64.ActiveCfg = Release|x64
		{64F5F1E3-CAC7-4F53-A3BE-5CCA318DBD82}.Release|x64.Build.0 = Release|x64
		{64F5F1E3-CAC7-4F53-A3BE-5CCA318DBD82}.Release|x86.ActiveCfg = Release|Win32
		{64F5F1E3-CAC7-4F53-A3BE-5CCA318DBD82}.Release|x86.Build.0 = Release|Win32
		{3D14676B-5E2E-45BA-854E-0A54487951D6}.Debug|Win32.ActiveCfg = Debug|Win32
		{3D14676B-5E2E-45BA-854E-0A54487951D6}.Debug|Win32.Build.0 = Debug|Win32
		{3D14676B-5E2E-45BA-854E-0A54487951D6}.Debug|x64.ActiveCfg = Debug|x64
		{3D14676B-5E2E-45BA-854E-0A54487951D6}.Debug|x64.Build.0 = Debug|x64
		{3D14676B-5E2E-45BA-854E-0A54487951D6}.Debug|x86.ActiveCfg = Debug|Win32
		{3D14676B-5E2E-45BA-854E-0A54487951D6}.Debug|x86.Build.0 = Debug|Win32
		{3D14676B-5E2E-45BA-854E-0A54487951D6}.Release|Win32.ActiveCfg = Release|Win32
		{3D14676B-5E2E-45BA-854E-0A54487951D6}.Release|Win32.Build.0 = Release|Win32
		{3D14676B-5E2E-45BA-854E-0A54487951D6}.Release|x64.ActiveCfg = Release|x64
		{3D14676B-5E2E-45BA-854E-0A54487951D6}.Release|x64.Build.0 = Release|x64
		{3D14676B-5E2E-45BA-854E-0A54487951D6}.Release|x86.ActiveCfg = Release|Win32
		{3D14676B-5E2E-45BA-854E-0A54487951D6}.Release|x86.Build.0 = Release|Win32
		{47D463DE-4691-4EF0-894C-6AB47E433BEB}.Debug|Win32.ActiveCfg = Debug|Win32
		{47D463DE-4691-4EF0-894C-6AB47E433BEB}.Debug|Win32.Build.0 = Debug|Win32
		{47D463DE-4691-4EF0-894C-6AB47E433BEB}.Debug|x64.ActiveCfg = Debug|x64
		{47D463DE-4691-4EF0-894C-6AB47E433BEB}.Debug|x64.Build.0 = Debug|x64
		{47D463DE-4691-4EF0-894C-6AB47E433BEB}.Debug|x86.ActiveCfg = Debug|Win32
		{47D463DE-4691-4EF0-894C-6AB47E433BEB}.Debug|x86.Build.0 = Debug|Win32
		{47D463DE-4691-4EF0-894C-6AB47E433BEB}.Release|Win32.ActiveCfg = Release|Win32
		{47D463DE-4691-4EF0-894C-6AB47E433BEB}.Release|Win32.Build.0 = Release|Win32
		{47D463DE-4691-4EF0-894C-6AB47E433BEB}.Release|x64.ActiveCfg = Release|x64
		{47D463DE-4691-4EF0-894C-6AB47E433BEB}.Release|x64.Build.0 = Release|x64
		{47D463DE-4691-4EF0-894C-6AB47E433BEB}.Release|x86.ActiveCfg = Release|Win32
		{47D463DE-4691-4EF0-894C-6AB47E433BEB}.Release|x86.Build.0 = Release|Win32
		{82497F6F-D32B-4A63-B5FE-0784F81B5D3F}.Debug|Win32.ActiveCfg = Debug|Win32
		{82497F6F-D32B-4A63-B5FE-0784F81B5D3F}.Debug|Win32.Build.0 = Debug|Win32
		{82497F6F-D32B-4A63-B5FE-0784F81B5D3F}.Debug|x64.ActiveCfg = Debug|x64
		{82497F6F-D32B-4A63-B5FE-0784F81B5D3F}.Debug|x64.Build.0 = Debug|x64
		{82497F6F-D32B-4A63-B5FE-0784F81B5D3F}.Debug|x86.ActiveCfg = Debug|Win32
		{82497F6F-D32B-4A63-B5FE-0784F81B5D3F}.Debug|x86.Build.0 = Debug|Win32
		{82497F6F-D32B-4A63-B5FE-0784F81B5D3F}.Release|Win32.ActiveCfg = Release|Win32
		{82497F6F-D32B-4A63-B5FE-0784F81B5D3F}.Release|Win32.Build.0 = Release|Win32
		{82497F6F-D32B-4A63-B5FE-0784F81B5D3F}.Release|x64.ActiveCfg = Release|x64
		{82497F6F-D32B-4A63-B5FE-0784F81B5D3F}.Release|x64.Build.0 = Release|x64
		{82497F6F-D32B-4A63-B5FE-0784F81B5D3F}.Release|x86.ActiveCfg = Release|Win32
		{82497F6F-D32B-4A63-B5FE-0784F81B5D3F}.Release|x86.Build.0 = Release|Win32
		{90951228-712A-40F4-8EFA-DBE9FDF61567}.Debug|Win32.ActiveCfg = Debug|Win32
		{90951228-712A-40F4-8EFA-DBE9FDF61567}.Debug|Win32.Build.0 = Debug|Win32
		{90951228-712A-40F4-8EFA-DBE9FDF61567}.Debug|x64.ActiveCfg = Debug|x64
		{90951228-712A-40F4-8EFA-DBE9FDF61567}.Debug|x64.Build.0 = Debug|x64
		{90951228-712A-40F4-8EFA-DBE9FDF61567}.Debug|x86.ActiveCfg = Debug|Win32
		{90951228-712A-40F4-8EFA-DBE9FDF61567}.Debug|x86.Build.0 = Debug|Win32
		{90951228-712A-40F4-8EFA-DBE9FDF61567}.Release|Win32.ActiveCfg = Release|Win32
		{90951228-712A-40F4-8EFA-DBE9FDF61567}.Release|Win32.Build.0 = Release|Win32
		{90951228-712A-40F4-8EFA-DBE9FDF61567}.Release|x64.ActiveCfg = Release|x64
		{90951228-712A-40F4-8EFA-DBE9FDF61567}.Release|x64.Build.0 = Release|x64
		{90951228-712A-40F4-8EFA-DBE9FDF61567}.Release|x86.ActiveCfg = Release|Win32
		{90951228-712A-40F4-8EFA-DBE9FDF61567}.Release|x86.Build.0 = Release|Win32
		{81B98F34-1C35-4967-B5A7-D156253F3876}.Debug|Win32.ActiveCfg = Debug|Win32
		{81B98F34-1C35-4967-B5A7-D156253F3876}.Debug|Win32.Build.0 = Debug|Win32
		{81B98F34-1C35-4967-B5A7-D156253F3876}.Debug|x64.ActiveCfg = Debug|x64
		{81B98F34-1C35-4967-B5A7-D156253F3876}.Debug|x64.Build.0 = Debug|x64
		{81B98F34-1C35-4967-B5A7-D156253F3876}.Debug|x86.ActiveCfg = Debug|Win32
		{81B98F34-1C35-4967-B5A7-D156253F3876}.Debug|x86.Build.0 = Debug|Win32
		{81B98F34-1C35-4967-B5A7-D156253F3876}.Release|Win32.ActiveCfg = Release|Win32
		{81B98F34-1C35-4967-B5A7-D156253F3876}.Release|Win32.Build.0 = Release|Win32
		{81B98F34-1C35-4967-B5A7-D156253F3876}.Release|x64.ActiveCfg = Release|x64
		{81B98F34-1C35-4967-B5A7-D156253F3876}.Release|x64.Build.0 = Release|x64
		{81B98F34-1C35-4967-B5A7-D156253F3876}.Release|x86.ActiveCfg = Release|Win32
		{81B98F34-1C35-4967-B5A7-D156253F3876}.Release|x86.Build.0 = Release|Win32
		{C85E0123-703F-4C5A-8B48-FB24D6F7FB2F}.Debug|Win32.ActiveCfg = Debug|Win32
		{C85E0123-703F-4C5A-8B48-FB24D6F7FB2F}.Debug|Win32.Build.0 = Debug|Win32
		{C85E0123-703F-4C5A-8B48-FB24D6F7FB2F}.Debug|x64.ActiveCfg = Debug|x64
		{C85E0123-703F-4C5A-8B48-FB24D6F7FB2F}.Debug|x64.Build.0 = Debug|x64
		{C85E0123-703F-4C5A-8B48-FB24D6F7FB2F}.Debug|x86.ActiveCfg = Debug|Win32
		{C85E0123-703F-4C5A-8B48-FB24D6F7FB2F}.Debug|x86.Build.0 = Debug|Win32
		{C85E0123-703F-4C5A-8B48-FB24D6F7FB2F}.Release|Win32.ActiveCfg = Release|Win32
		{C85E0123-703F-4C5A-8B48-FB24D6F7FB2F}.Release|Win32.Build.0 = Release|Win32
		{C85E0123-703F-4C5A-8B48-FB24D6F7FB2F}.Release|x64.ActiveCfg = Release|x64
		{C85E0123-703F-4C5A-8B48-FB24D6F7FB2F}.Release|x64.Build.0 = Release|x64
		{C85E0123-703F-4C5A-8B48-FB24D6F7FB2F}.Release|x86.ActiveCfg = Release|Win32
		{C85E0123-703F-4C5A-8B48-FB24D6F7FB2F}.Release|x86.Build.0 = Release|Win32
		{5F5B1D61-477B-4523-86A9-BB06012EA3F8}.Debug|Win32.ActiveCfg = Debug|Win32
		{5F5B1D61-477B-4523-86A9-BB06012EA3F8}.Debug|Win32.Build.0 = Debug|Win32
		{5F5B1D61-477B-4523-86A9-BB06012EA3F8}.Debug|x64.ActiveCfg = Debug|x64
		{5F5B1D61-477B-4523-86A9-BB06012EA3F8}.Debug|x64.Build.0 = Debug|x64
		{5F5B1D61-477B-4523-86A9-BB06012EA3F8}.Debug|x86.ActiveCfg = Debug|Win32
		{5F5B1D61-477B-4523-86A9-BB06012EA3F8}.Debug|x86.Build.0 = Debug|Win32
		{5F5B1D61-477B-4523-86A9-BB06012EA3F8}.Release|Win32.ActiveCfg = Release|Win32
		{5F5B1D61-477B-4523-86A9-BB06012EA3F8}.Release|Win32.Build.0 = Release|Win32
		{5F5B1D61-477B-4523-86A9-BB06012EA3F8}.Release|x64.ActiveCfg = Release|x64
		{5F5B1D61-477B-4523-86A9-BB06012EA3F8}.Release|x64.Build.0 = Release|x64
		{5F5B1D61-477B-4523-86A9-BB06012EA3F8}.Release|x86.ActiveCfg = Release|Win32
		{5F5B1D61-477B-4523-86A9-BB06012EA3F8}.Release|x86.Build.0 = Release|Win32
		{0B7DC1A9-CA52-4966-920A-7FDA6E0D534C}.Debug|Win32.ActiveCfg = Debug|Win32
		{0B7DC1A9-CA52-4966-920A-7FDA6E0D534C}.Debug|Win32.Build.0 = Debug|Win32
		{0B7DC1A9-CA52-4966-920A-7FDA6E0D534C}.Debug|x64.ActiveCfg = Debug|x64
		{0B7DC1A9-CA52-4966-920A-7FDA6E0D534C}.Debug|x64.Build.0 = Debug|x64
		{0B7DC1A9-CA52-4966-920A-7FDA6E0D534C}.Debug|x86.ActiveCfg = Debug|Win32
		{0B7DC1A9-CA52-4966-920A-7FDA6E0D534C}.Debug|x86.Build.0 = Debug|Win32
		{0B7DC1A9-CA52-4966-920A-7FDA6E0D534C}.Release|Win32.ActiveCfg = Release|Win32
		{0B7DC1A9-CA52-4966-920A-7FDA6E0D534C}.Release|Win32.Build.0 = Release|Win32
		{0B7DC1A9-CA52-4966-920A-7FDA6E0D534C}.Release|x64.ActiveCfg = Release|x64
		{0B7DC1A9-CA52-4966-920A-7FDA6E0D534C}.Release|x64.Build.0 = Release|x64
		{0B7DC1A9-CA52-4966-920A-7FDA6E0D534C}.Release|x86.ActiveCfg = Release|Win32
		{0B7DC1A9-CA52-4966-920A-7FDA6E0D534C}.Release|x86.Build.0 = Release|Win32
		{91A04139-EB75-42F4-98A0-51DE7E15A8BC}.Debug|Win32.ActiveCfg = Debug|Win32
		{91A04139-EB75-42F4-98A0-51DE7E15A8BC}.Debug|Win32.Build.0 = Debug|Win32
		{91A04139-EB75-42F4-98A0-51DE7E15A8BC}.Debug|x64.ActiveCfg = Debug|x64
		{91A04139-EB75-42F4-98A0-51DE7E15A8BC}.Debug|x64.Build.0 = Debug|x64
		{91A04139-EB75-42F4-98A0-51DE7E15A8BC}.Debug|x86.ActiveCfg = Debug|Win32
		{91A04139-EB75-42F4-98A0-51DE7E15A8BC}.Debug|x86.Build.0 = Debug|Win32
		{91A04139-EB75-42F4-98A0-51DE7E15A8BC}.Release|Win32.ActiveCfg = Release|Win32
		{91A04139-EB75-42F4-98A0-51DE7E15A8BC}.Release|Win32.Build.0 = Release|Win32
		{91A04139-EB75-42F4-98A0-51DE7E15A8BC}.Release|x64.ActiveCfg = Release|x64
		{91A04139-EB75-42F4-98A0-51DE7E15A8BC}.Release|x64.Build.0 = Release|x64
		{91A04139-EB75-42F4-98A0-51DE7E15A8BC}.Release|x86.ActiveCfg = Release|Win32
		{91A04139-EB75-42F4-98A0-51DE7E15A8BC}.Release|x86.Build.0 = Release|Win32
		{C31D389B-7383-4113-B7BF-D8F5D4BE836A}.Debug|Win32.ActiveCfg = Debug|Win32
		{C31D389B-7383-4113-B7BF-D8F5D4BE836A}.Debug|Win32.Build.0 = Debug|Win32
		{C31D389B-7383-4113-B7BF-D8F5D4BE836A}.Debug|x64.ActiveCfg = Debug|x64
		{C31D389B-7383-4113-B7BF-D8F5D4BE836A}.Debug|x64.Build.0 = Debug|x64
		{C31D389B-7383-4113-B7BF-D8F5D4BE836A}.Debug|x86.ActiveCfg = Debug|Win32
		{C31D389B-7383-4113-B7BF-D8F5D4BE836A}.Debug|x86.Build.0 = Debug|Win32
		{C31D389B-7383-4113-B7BF-D8F5D4BE836A}.Release|Win32.ActiveCfg = Release|Win32
		{C31D389B-7383-4113-B7BF-D8F5D4BE836A}.Release|Win32.Build.0 = Release|Win32
		{C31D389B-7383-4113-B7BF-D8F5D4BE836A}.Release|x64.ActiveCfg = Release|x64
		{C31D389B-7383-4113-B7BF-D8F5D4BE836A}.Release|x64.Build.0 = Release|x64
		{C31D389B-7383-4113-B7BF-D8F5D4BE836A}.Release|x86.ActiveCfg = Release|Win32
		{C31D389B-7383-4113-B7BF-D8F5D4BE836A}.Release|x86.Build.0 = Release|Win32
		{6FEC6473-DEC3-4A6B-B9C8-EACCC921D636}.Debug|Win32.ActiveCfg = Debug|Win32
		{6FEC6473-DEC3-4A6B-B9C8-EACCC921D636}.Debug|Win32.Build.0 = Debug|Win32
		{6FEC6473-DEC3-4A6B-B9C8-EACCC921D636}.Debug|x64.ActiveCfg = Debug|x64
		{6FEC6473-DEC3-4A6B-B9C8-EACCC921D636}.Debug|x64.Build.0 = Debug|x64
		{6FEC6473-DEC3-4A6B-B9C8-EACCC921D636}.Debug|x86.ActiveCfg = Debug|Win32
		{6FEC6473-DEC3-4A6B-B9C8-EACCC921D636}.Debug|x86.Build.0 = Debug|Win32
		{6FEC6473-DEC3-4A6B-B9C8-EACCC921D636}.Release|Win32.ActiveCfg = Release|Win32
		{6FEC6473-DEC3-4A6B-B9C8-EACCC921D636}.Release|Win32.Build.0 = Release|Win32
		{6FEC6473-DEC3-4A6B-B9C8-EACCC921D636}.Release|x64.ActiveCfg = Release|x64
		{6FEC6473-DEC3-4A6B-B9C8-EACCC921D636}.Release|x64.Build.0 = Release|x64
		{6FEC6473-DEC3-4A6B-B9C8-EACCC921D636}.Release|x86.ActiveCfg = Release|Win32
		{6FEC6473-DEC3-4A6B-B9C8-EACCC921D636}.Release|x86.Build.0 = Release|Win32
		{AECA7ECF-9E60-4C18-BF61-425C3DBA9B61}.Debug|Win32.ActiveCfg = Debug|Win32
		{AECA7ECF-9E60-4C18-BF61-425C3DBA9B61}.Debug|Win32.Build.0 = Debug|Win32
		{AECA7ECF-9E60-4C18-BF61-425C3DBA9B61}.Debug|x64.ActiveCfg = Debug|x64
		{AECA7ECF-9E60-4C18-BF61-425C3DBA9B61}.Debug|x64.Build.0 = Debug|x64
		{AECA7ECF-9E60-4C18-BF61-425C3DBA9B61}.Debug|x86.ActiveCfg = Debug|Win32
		{AECA7ECF-9E60-4C18-BF61-425C3DBA9B61}.Debug|x86.Build.0 = Debug|Win32
		{AECA7ECF-9E60-4C18-BF61-425C3DBA9B61}.Release|Win32.ActiveCfg = Release|Win32
		{AECA7ECF-9E60-4C18-BF61-425C3DBA9B61}.Release|Win32.Build.0 = Release|Win32
		{AECA7ECF-9E60-4C18-BF61-425C3DBA9B61}.Release|x64.ActiveCfg = Release|x64
		{AECA7ECF-9E60-4C18-BF61-425C3DBA9B61}.Release|x64.Build.0 = Release|x64
		{AECA7ECF-9E60-4C18-BF61-425C3DBA9B61}.Release|x86.ActiveCfg = Release|Win32
		{AECA7ECF-9E60-4C18-BF61-425C3DBA9B61}.Release|x86.Build.0 = Release|Win32
		{A4FE2E67-A75F-4C0B-BF13-D86E0C8C1693}.Debug|Win32.ActiveCfg = Debug|Win32
		{A4FE2E67-A75F-4C0B-BF13-D86E0C8C1693}.Debug|Win32.Build.0 = Debug|Win32
		{A4FE2E67-A75F-4C0B-BF13-D86E0C8C1693}.Debug|x64.ActiveCfg = Debug|x64
		{A4FE2E67-A75F-4C0B-BF13-D86E0C8C1693}.Debug|x64.Build.0 = Debug|x64
		{A4FE2E67-A75F-4C0B-BF13-D86E0C8C1693}.Debug|x86.ActiveCfg = Debug|Win32
		{A4FE2E67-A75F-4C0B-BF13-D86E0C8C1693}.Debug|x86.Build.0 = Debug|Win32
		{A4FE2E67-A75F-4C0B-BF13-D86E0C8C1693}.Release|Win32.ActiveCfg = Release|Win32
		{A4FE2E67-A75F-4C0B-BF13-D86E0C8C1693}.Release|Win32.Build.0 = Release|Win32
		{A4FE2E67-A75F-4C0B-BF13-D86E0C8C1693}.Release|x64.ActiveCfg = Release|x64
		{A4FE2E67-A75F-4C0B-BF13-D86E0C8C1693}.Release|x64.Build.0 = Release|x64
		{A4FE2E67-A75F-4C0B-BF13-D86E0C8C1693}.Release|x86.ActiveCfg = Release|Win32
		{A4FE2E67-A75F-4C0B-BF13-D86E0C8C1693}.Release|x86.Build.0 = Release|Win32
		{65F418E6-A9C3-45BA-AA27-3620F2DAA97A}.Debug|Win32.ActiveCfg = Debug|Win32
		{65F418E6-A9C3-45BA-AA27-3620F2DAA97A}.Debug|Win32.Build.0 = Debug|Win32
		{65F418E6-A9C3-45BA-AA27-3620F2DAA97A}.Debug|x64.ActiveCfg = Debug|x64
		{65F418E6-A9C3-45BA-AA27-3620F2DAA97A}.Debug|x64.Build.0 = Debug|x64
		{65F418E6-A9C3-45BA-AA27-3620F2DAA97A}.Debug|x86.ActiveCfg = Debug|Win32
		{65F418E6-A9C3-45BA-AA27-3620F2DAA97A}.Debug|x86.Build.0 = Debug|Win32
		{65F418E6-A9C3-45BA-AA27-3620F2DAA97A}.Release|Win32.ActiveCfg = Release|Win32
		{65F418E6-A9C3-45BA-AA27-3620F2DAA97A}.Release|Win32.Build.0 = Release|Win32
		{65F418E6-A9C3-45BA-AA27-3620F2DAA97A}.Release|x64.ActiveCfg = Release|x64
		{65F418E6-A9C3-45BA-AA27-3620F2DAA97A}.Release|x64.Build.0 = Release|x64
		{65F418E6-A9C3-45BA-AA27-3620F2DAA97A}.Release|x86.ActiveCfg = Release|Win32
		{65F418E6-A9C3-45BA-AA27-3620F2DAA97A}.Release|x86.Build.0 = Release|Win32
		{6B519F64-3AAC-418F-BC0A-23919327AA3A}.Debug|Win32.ActiveCfg = Debug|Win32
		{6B519F64-3AAC-418F-BC0A-23919327AA3A}.Debug|Win32.Build.0 = Debug|Win32
		{6B519F64-3AAC-418F-BC0A-23919327AA3A}.Debug|x64.ActiveCfg = Debug|x64
		{6B519F64-3AAC-418F-BC0A-23919327AA3A}.Debug|x64.Build.0 = Debug|x64
		{6B519F64-3AAC-418F-BC0A-23919327AA3A}.Debug|x86.ActiveCfg = Debug|Win32
		{6B519F64-3AAC-418F-BC0A-23919327AA3A}.Debug|x86.Build.0 = Debug|Win32
		{6B519F64-3AAC-418F-BC0A-23919327AA3A}.Release|Win32.ActiveCfg = Release|Win32
		{6B519F64-3AAC-418F-BC0A-23919327AA3A}.Release|Win32.Build.0 = Release|Win32
		{6B519F64-3AAC-418F-BC0A-23919327AA3A}.Release|x64.ActiveCfg = Release|x64
		{6B519F64-3AAC-418F-BC0A-23919327AA3A}.Release|x64.Build.0 = Release|x64
		{6B519F64-3AAC-418F-BC0A-23919327AA3A}.Release|x86.ActiveCfg = Release|Win32
		{6B519F64-3AAC-418F-BC0A-23919327AA3A}.Release|x86.Build.0 = Release|Win32
		{7FC4ED88-F58F-4697-A1B4-5D8285601FFA}.Debug|Win32.ActiveCfg = Debug|Win32
		{7FC4ED88-F58F-4697-A1B4-5D8285601FFA}.Debug|Win32.Build.0 = Debug|Win32
		{7FC4ED88-F58F-4697-A1B4-5D8285601FFA}.Debug|x64.ActiveCfg = Debug|x64
		{7FC4ED88-F58F-4697-A1B4-5D8285601FFA}.Debug|x64.Build.0 = Debug|x64
		{7FC4ED88-F58F-4697-A1B4-5D8285601FFA}.Debug|x86.ActiveCfg = Debug|Win32
		{7FC4ED88-F58F-4697-A1B4-5D8285601FFA}.Debug|x86.Build.0 = Debug|Win32
		{7FC4ED88-F58F-4697-A1B4-5D8285601FFA}.Release|Win32.ActiveCfg = Release|Win32
		{7FC4ED88-F58F-4697-A1B4-5D8285601FFA}.Release|Win32.Build.0 = Release|Win32
		{7FC4ED88-F58F-4697-A1B4-5D8285601FFA}.Release|x64.ActiveCfg = Release|x64
		{7FC4ED88-F58F-4697-A1B4-5D8285601FFA}.Release|x64.Build.0 = Release|x64
		{7FC4ED88-F58F-4697-A1B4-5D8285601FFA}.Release|x86.ActiveCfg = Release|Win32
		{7FC4ED88-F58F-4697-A1B4-5D8285601FFA}.Release|x86.Build.0 = Release|Win32
		{568775D4-A13C-4464-8041-00470748F520}.Debug|Win32.ActiveCfg = Debug|Win32
		{568775D4-A13C-4464-8041-00470748F520}.Debug|Win32.Build.0 = Debug|Win32
		{568775D4-A13C-4464-8041-00470748F520}.Debug|x64.ActiveCfg = Debug|x64
		{568775D4-A13C-4464-8041-00470748F520}.Debug|x64.Build.0 = Debug|x64
		{568775D4-A13C-4464-8041-00470748F520}.Debug|x86.ActiveCfg = Debug|Win32
		{568775D4-A13C-4464-8041-00470748F520}.Debug|x86.Build.0 = Debug|Win32
		{568775D4-A13C-4464-8041-00470748F520}.Release|Win32.ActiveCfg = Release|Win32
		{568775D4-A13C-4464-8041-00470748F520}.Release|Win32.Build.0 = Release|Win32
		{568775D4-A13C-4464-8041-00470748F520}.Release|x64.ActiveCfg = Release|x64
		{568775D4-A13C-4464-8041-00470748F520}.Release|x64.Build.0 = Release|x64
		{568775D4-A13C-4464-8041-00470748F520}.Release|x86.ActiveCfg = Release|Win32
		{568775D4-A13C-4464-8041-00470748F520}.Release|x86.Build.0 = Release|Win32
		{63F7A343-554A-4B1A-8B9D-5AFB2B115B8D}.Debug|Win32.ActiveCfg = Debug|Win32
		{63F7A343-554A-4B1A-8B9D-5AFB2B115B8D}.Debug|Win32.Build.0 = Debug|Win32
		{63F7A343-554A-4B1A-8B9D-5AFB2B115B8D}.Debug|x64.ActiveCfg = Debug|x64
		{63F7A343-554A-4B1A-8B9D-5AFB2B115B8D}.Debug|x64.Build.0 = Debug|x64
		{63F7A343-554A-4B1A-8B9D-5AFB2B115B8D}.Debug|x86.ActiveCfg = Debug|Win32
		{63F7A343-554A-4B1A-8B9D-5AFB2B115B8D}.Debug|x86.Build.0 = Debug|Win32
		{63F7A343-554A-4B1A-8B9D-5AFB2B115B8D}.Release|Win32.ActiveCfg = Release|Win32
		{63F7A343-554A-4B1A-8B9D-5AFB2B115B8D}.Release|Win32.Build.0 = Release|Win32
		{63F7A343-554A-4B1A-8B9D-5AFB2B115B8D}.Release|x64.ActiveCfg = Release|x64
		{63F7A343-554A-4B1A-8B9D-5AFB2B115B8D}.Release|x64.Build.0 = Release|x64
		{63F7A343-554A-4B1A-8B9D-5AFB2B115B8D}.Release|x86.ActiveCfg = Release|Win32
		{63F7A343-554A-4B1A-8B9D-5AFB2B115B8D}.Release|x86.Build.0 = Release|Win32
		{94BDBA0D-8F79-43BA-90E3-B047A3964DC3}.Debug|Win32.ActiveCfg = Debug|Win32
		{94BDBA0D-8F79-43BA-90E3-B047A3964DC3}.Debug|Win32.Build.0 = Debug|Win32
		{94BDBA0D-8F79-43BA-90E3-B047A3964DC3}.Debug|x64.ActiveCfg = Debug|x64
		{94BDBA0D-8F79-43BA-90E3-B047A3964DC3}.Debug|x64.Build.0 = Debug|x64
		{94BDBA0D-8F79-43BA-90E3-B047A3964DC3}.Debug|x86.ActiveCfg = Debug|Win32
		{94BDBA0D-8F79-43BA-90E3-B047A3964DC3}.Debug|x86.Build.0 = Debug|Win32
		{94BDBA0D-8F79-43BA-90E3-B047A3964DC3}.Release|Win32.ActiveCfg = Release|Win32
		{94BDBA0D-8F79-43BA-90E3-B047A3964DC3}.Release|Win32.Build.0 = Release|Win32
		{94BDBA0D-8F79-43BA-90E3-B047A3964DC3}.Release|x64.ActiveCfg = Release|x64
		{94BDBA0D-8F79-43BA-90E3-B047A3964DC3}.Release|x64.Build.0 = Release|x64
		{94BDBA0D-8F79-43BA-90E3-B047A3964DC3}.Release|x86.ActiveCfg = Release|Win32
		{94BDBA0D-8F79-43BA-90E3-B047A3964DC3}.Release|x86.Build.0 = Release|Win32
	EndGlobalSection
	GlobalSection(SolutionProperties) = preSolution
		HideSolutionNode = FALSE
	EndGlobalSection
	GlobalSection(ExtensibilityGlobals) = postSolution
		SolutionGuid = {14769DA3-DDC3-428C-8C83-95EB20153A3C}
	EndGlobalSection
EndGlobal
